
Microsoft Visual Studio Solution File, Format Version 12.00
# Visual Studio Version 16
VisualStudioVersion = 16.0.31702.278
MinimumVisualStudioVersion = 10.0.40219.1
Project("{FAE04EC0-301F-11D3-BF4B-00C04F79EFBC}") = "Morse", "Vizhiner\Morse.csproj", "{EC446170-5EF1-43D4-A788-427180463C57}"
EndProject
Global
	GlobalSection(SolutionConfigurationPlatforms) = preSolution
		Debug|Any CPU = Debug|Any CPU
		Release|Any CPU = Release|Any CPU
	EndGlobalSection
	GlobalSection(ProjectConfigurationPlatforms) = postSolution
		{EC446170-5EF1-43D4-A788-427180463C57}.Debug|Any CPU.ActiveCfg = Debug|Any CPU
		{EC446170-5EF1-43D4-A788-427180463C57}.Debug|Any CPU.Build.0 = Debug|Any CPU
		{EC446170-5EF1-43D4-A788-427180463C57}.Release|Any CPU.ActiveCfg = Release|Any CPU
		{EC446170-5EF1-43D4-A788-427180463C57}.Release|Any CPU.Build.0 = Release|Any CPU
	EndGlobalSection
	GlobalSection(SolutionProperties) = preSolution
		HideSolutionNode = FALSE
	EndGlobalSection
	GlobalSection(ExtensibilityGlobals) = postSolution
		SolutionGuid = {C984CAAC-9ABB-4BF3-8F6C-BE8ED008AEEC}
	EndGlobalSection
EndGlobal
